
Microsoft Visual Studio Solution File, Format Version 12.00
# Visual Studio Version 17
VisualStudioVersion = 17.0.31903.59
MinimumVisualStudioVersion = 10.0.40219.1
Project("{FAE04EC0-301F-11D3-BF4B-00C04F79EFBC}") = "Jagged2Array", "Jagged2Array\Jagged2Array.csproj", "{ECA35315-2597-4351-A3C2-3C5E1922292C}"
EndProject
Project("{FAE04EC0-301F-11D3-BF4B-00C04F79EFBC}") = "ObjectEquality", "ObjectEquality\ObjectEquality.csproj", "{99E27CDD-26F1-4690-9CF5-C7AB531851D3}"
EndProject
Project("{FAE04EC0-301F-11D3-BF4B-00C04F79EFBC}") = "DayOfWeek", "DayOfWeek\DayOfWeek.csproj", "{7C8ADA11-654B-4377-B193-4DAB6A9AA141}"
EndProject
Global
	GlobalSection(SolutionConfigurationPlatforms) = preSolution
		Debug|Any CPU = Debug|Any CPU
		Release|Any CPU = Release|Any CPU
	EndGlobalSection
	GlobalSection(SolutionProperties) = preSolution
		HideSolutionNode = FALSE
	EndGlobalSection
	GlobalSection(ProjectConfigurationPlatforms) = postSolution
		{ECA35315-2597-4351-A3C2-3C5E1922292C}.Debug|Any CPU.ActiveCfg = Debug|Any CPU
		{ECA35315-2597-4351-A3C2-3C5E1922292C}.Debug|Any CPU.Build.0 = Debug|Any CPU
		{ECA35315-2597-4351-A3C2-3C5E1922292C}.Release|Any CPU.ActiveCfg = Release|Any CPU
		{ECA35315-2597-4351-A3C2-3C5E1922292C}.Release|Any CPU.Build.0 = Release|Any CPU
		{99E27CDD-26F1-4690-9CF5-C7AB531851D3}.Debug|Any CPU.ActiveCfg = Debug|Any CPU
		{99E27CDD-26F1-4690-9CF5-C7AB531851D3}.Debug|Any CPU.Build.0 = Debug|Any CPU
		{99E27CDD-26F1-4690-9CF5-C7AB531851D3}.Release|Any CPU.ActiveCfg = Release|Any CPU
		{99E27CDD-26F1-4690-9CF5-C7AB531851D3}.Release|Any CPU.Build.0 = Release|Any CPU
		{7C8ADA11-654B-4377-B193-4DAB6A9AA141}.Debug|Any CPU.ActiveCfg = Debug|Any CPU
		{7C8ADA11-654B-4377-B193-4DAB6A9AA141}.Debug|Any CPU.Build.0 = Debug|Any CPU
		{7C8ADA11-654B-4377-B193-4DAB6A9AA141}.Release|Any CPU.ActiveCfg = Release|Any CPU
		{7C8ADA11-654B-4377-B193-4DAB6A9AA141}.Release|Any CPU.Build.0 = Release|Any CPU
	EndGlobalSection
EndGlobal
