
Microsoft Visual Studio Solution File, Format Version 12.00
# Visual Studio Version 17
VisualStudioVersion = 17.0.31903.59
MinimumVisualStudioVersion = 10.0.40219.1
Project("{9A19103F-16F7-4668-BE54-9A1E7A4F7556}") = "SchoolManagementSystem", "SchoolManagementSystem\SchoolManagementSystem.csproj", "{9B53549D-A52A-4258-A098-1A5D83D65383}"
EndProject
Global
	GlobalSection(SolutionConfigurationPlatforms) = preSolution
		Debug|Any CPU = Debug|Any CPU
		Release|Any CPU = Release|Any CPU
	EndGlobalSection
	GlobalSection(ProjectConfigurationPlatforms) = postSolution
		{9B53549D-A52A-4258-A098-1A5D83D65383}.Debug|Any CPU.ActiveCfg = Debug|Any CPU
		{9B53549D-A52A-4258-A098-1A5D83D65383}.Debug|Any CPU.Build.0 = Debug|Any CPU
		{9B53549D-A52A-4258-A098-1A5D83D65383}.Release|Any CPU.ActiveCfg = Release|Any CPU
		{9B53549D-A52A-4258-A098-1A5D83D65383}.Release|Any CPU.Build.0 = Release|Any CPU
	EndGlobalSection
	GlobalSection(SolutionProperties) = preSolution
		HideSolutionNode = FALSE
	EndGlobalSection
	GlobalSection(ExtensibilityGlobals) = postSolution
		SolutionGuid = {56366C2D-CB6C-4C79-A024-D99819878521}
	EndGlobalSection
EndGlobal
