
Microsoft Visual Studio Solution File, Format Version 12.00
# Visual Studio Version 17
VisualStudioVersion = 17.0.31903.59
MinimumVisualStudioVersion = 10.0.40219.1
Project("{FAE04EC0-301F-11D3-BF4B-00C04F79EFBC}") = "IndexerOverload", "IndexerOverload\IndexerOverload.csproj", "{032E9C0C-4250-421F-A4C8-96BF702F991C}"
EndProject
Project("{FAE04EC0-301F-11D3-BF4B-00C04F79EFBC}") = "PascalsTriangle", "PascalsTriangle\PascalsTriangle.csproj", "{C6FFFF34-E6C5-40B0-A11F-139D8DEA2408}"
EndProject
Project("{FAE04EC0-301F-11D3-BF4B-00C04F79EFBC}") = "AnalysisAndDebug", "AnalysisAndDebug\AnalysisAndDebug.csproj", "{879558F8-62EA-443E-B7A5-5634F727E6D7}"
EndProject
Global
	GlobalSection(SolutionConfigurationPlatforms) = preSolution
		Debug|Any CPU = Debug|Any CPU
		Release|Any CPU = Release|Any CPU
	EndGlobalSection
	GlobalSection(SolutionProperties) = preSolution
		HideSolutionNode = FALSE
	EndGlobalSection
	GlobalSection(ProjectConfigurationPlatforms) = postSolution
		{032E9C0C-4250-421F-A4C8-96BF702F991C}.Debug|Any CPU.ActiveCfg = Debug|Any CPU
		{032E9C0C-4250-421F-A4C8-96BF702F991C}.Debug|Any CPU.Build.0 = Debug|Any CPU
		{032E9C0C-4250-421F-A4C8-96BF702F991C}.Release|Any CPU.ActiveCfg = Release|Any CPU
		{032E9C0C-4250-421F-A4C8-96BF702F991C}.Release|Any CPU.Build.0 = Release|Any CPU
		{C6FFFF34-E6C5-40B0-A11F-139D8DEA2408}.Debug|Any CPU.ActiveCfg = Debug|Any CPU
		{C6FFFF34-E6C5-40B0-A11F-139D8DEA2408}.Debug|Any CPU.Build.0 = Debug|Any CPU
		{C6FFFF34-E6C5-40B0-A11F-139D8DEA2408}.Release|Any CPU.ActiveCfg = Release|Any CPU
		{C6FFFF34-E6C5-40B0-A11F-139D8DEA2408}.Release|Any CPU.Build.0 = Release|Any CPU
		{879558F8-62EA-443E-B7A5-5634F727E6D7}.Debug|Any CPU.ActiveCfg = Debug|Any CPU
		{879558F8-62EA-443E-B7A5-5634F727E6D7}.Debug|Any CPU.Build.0 = Debug|Any CPU
		{879558F8-62EA-443E-B7A5-5634F727E6D7}.Release|Any CPU.ActiveCfg = Release|Any CPU
		{879558F8-62EA-443E-B7A5-5634F727E6D7}.Release|Any CPU.Build.0 = Release|Any CPU
	EndGlobalSection
EndGlobal
