
Microsoft Visual Studio Solution File, Format Version 12.00
# Visual Studio Version 17
VisualStudioVersion = 17.5.33516.290
MinimumVisualStudioVersion = 10.0.40219.1
Project("{FAE04EC0-301F-11D3-BF4B-00C04F79EFBC}") = "DayOfWeek", "DayOfWeek\DayOfWeek.csproj", "{4D6C5288-8B01-40B8-BAFB-54F4DA8D5ABE}"
EndProject
Project("{FAE04EC0-301F-11D3-BF4B-00C04F79EFBC}") = "ObjectEquality", "ObjectEquality\ObjectEquality.csproj", "{054B71C8-99A5-417A-9BEE-5A915D108609}"
EndProject
Project("{FAE04EC0-301F-11D3-BF4B-00C04F79EFBC}") = "Jagged2Array", "Jagged2Array\Jagged2Array.csproj", "{2C30F61B-EAD4-4743-BB83-E793A3D4C7EF}"
EndProject
Global
	GlobalSection(SolutionConfigurationPlatforms) = preSolution
		Debug|Any CPU = Debug|Any CPU
		Release|Any CPU = Release|Any CPU
	EndGlobalSection
	GlobalSection(ProjectConfigurationPlatforms) = postSolution
		{4D6C5288-8B01-40B8-BAFB-54F4DA8D5ABE}.Debug|Any CPU.ActiveCfg = Debug|Any CPU
		{4D6C5288-8B01-40B8-BAFB-54F4DA8D5ABE}.Debug|Any CPU.Build.0 = Debug|Any CPU
		{4D6C5288-8B01-40B8-BAFB-54F4DA8D5ABE}.Release|Any CPU.ActiveCfg = Release|Any CPU
		{4D6C5288-8B01-40B8-BAFB-54F4DA8D5ABE}.Release|Any CPU.Build.0 = Release|Any CPU
		{054B71C8-99A5-417A-9BEE-5A915D108609}.Debug|Any CPU.ActiveCfg = Debug|Any CPU
		{054B71C8-99A5-417A-9BEE-5A915D108609}.Debug|Any CPU.Build.0 = Debug|Any CPU
		{054B71C8-99A5-417A-9BEE-5A915D108609}.Release|Any CPU.ActiveCfg = Release|Any CPU
		{054B71C8-99A5-417A-9BEE-5A915D108609}.Release|Any CPU.Build.0 = Release|Any CPU
		{2C30F61B-EAD4-4743-BB83-E793A3D4C7EF}.Debug|Any CPU.ActiveCfg = Debug|Any CPU
		{2C30F61B-EAD4-4743-BB83-E793A3D4C7EF}.Debug|Any CPU.Build.0 = Debug|Any CPU
		{2C30F61B-EAD4-4743-BB83-E793A3D4C7EF}.Release|Any CPU.ActiveCfg = Release|Any CPU
		{2C30F61B-EAD4-4743-BB83-E793A3D4C7EF}.Release|Any CPU.Build.0 = Release|Any CPU
	EndGlobalSection
	GlobalSection(SolutionProperties) = preSolution
		HideSolutionNode = FALSE
	EndGlobalSection
	GlobalSection(ExtensibilityGlobals) = postSolution
		SolutionGuid = {FB2EB536-B71C-4F20-88E4-9403D84A32D1}
	EndGlobalSection
EndGlobal
